
Microsoft Visual Studio Solution File, Format Version 12.00
# Visual Studio 15
VisualStudioVersion = 15.0.26403.0
MinimumVisualStudioVersion = 10.0.40219.1
Project("{FAE04EC0-301F-11D3-BF4B-00C04F79EFBC}") = "AutenticacionXamarin.Android", "AutenticacionXamarin\AutenticacionXamarin.Android\AutenticacionXamarin.Android.csproj", "{4E890D6F-3864-4AAC-A702-ADFB49189DCF}"
EndProject
Project("{FAE04EC0-301F-11D3-BF4B-00C04F79EFBC}") = "AutenticacionXamarin", "AutenticacionXamarin\AutenticacionXamarin\AutenticacionXamarin.csproj", "{B18BD0CF-A5F7-4567-B55E-E465479F8696}"
EndProject
Project("{FAE04EC0-301F-11D3-BF4B-00C04F79EFBC}") = "AutenticacionXamarin.UWP", "AutenticacionXamarin\AutenticacionXamarin.UWP\AutenticacionXamarin.UWP.csproj", "{50F50040-77CE-41BD-BCE0-208818AB6899}"
EndProject
Project("{FAE04EC0-301F-11D3-BF4B-00C04F79EFBC}") = "AutenticacionXamarin.iOS", "AutenticacionXamarin\AutenticacionXamarin.iOS\AutenticacionXamarin.iOS.csproj", "{F850C2D2-C606-4400-9476-BB6ACDBB0CE6}"
EndProject
Global
	GlobalSection(SolutionConfigurationPlatforms) = preSolution
		Ad-Hoc|Any CPU = Ad-Hoc|Any CPU
		Ad-Hoc|ARM = Ad-Hoc|ARM
		Ad-Hoc|iPhone = Ad-Hoc|iPhone
		Ad-Hoc|iPhoneSimulator = Ad-Hoc|iPhoneSimulator
		Ad-Hoc|x64 = Ad-Hoc|x64
		Ad-Hoc|x86 = Ad-Hoc|x86
		AppStore|Any CPU = AppStore|Any CPU
		AppStore|ARM = AppStore|ARM
		AppStore|iPhone = AppStore|iPhone
		AppStore|iPhoneSimulator = AppStore|iPhoneSimulator
		AppStore|x64 = AppStore|x64
		AppStore|x86 = AppStore|x86
		Debug|Any CPU = Debug|Any CPU
		Debug|ARM = Debug|ARM
		Debug|iPhone = Debug|iPhone
		Debug|iPhoneSimulator = Debug|iPhoneSimulator
		Debug|x64 = Debug|x64
		Debug|x86 = Debug|x86
		Release|Any CPU = Release|Any CPU
		Release|ARM = Release|ARM
		Release|iPhone = Release|iPhone
		Release|iPhoneSimulator = Release|iPhoneSimulator
		Release|x64 = Release|x64
		Release|x86 = Release|x86
	EndGlobalSection
	GlobalSection(ProjectConfigurationPlatforms) = postSolution
		{4E890D6F-3864-4AAC-A702-ADFB49189DCF}.Ad-Hoc|Any CPU.ActiveCfg = Release|Any CPU
		{4E890D6F-3864-4AAC-A702-ADFB49189DCF}.Ad-Hoc|Any CPU.Build.0 = Release|Any CPU
		{4E890D6F-3864-4AAC-A702-ADFB49189DCF}.Ad-Hoc|Any CPU.Deploy.0 = Release|Any CPU
		{4E890D6F-3864-4AAC-A702-ADFB49189DCF}.Ad-Hoc|ARM.ActiveCfg = Release|Any CPU
		{4E890D6F-3864-4AAC-A702-ADFB49189DCF}.Ad-Hoc|ARM.Build.0 = Release|Any CPU
		{4E890D6F-3864-4AAC-A702-ADFB49189DCF}.Ad-Hoc|ARM.Deploy.0 = Release|Any CPU
		{4E890D6F-3864-4AAC-A702-ADFB49189DCF}.Ad-Hoc|iPhone.ActiveCfg = Release|Any CPU
		{4E890D6F-3864-4AAC-A702-ADFB49189DCF}.Ad-Hoc|iPhone.Build.0 = Release|Any CPU
		{4E890D6F-3864-4AAC-A702-ADFB49189DCF}.Ad-Hoc|iPhone.Deploy.0 = Release|Any CPU
		{4E890D6F-3864-4AAC-A702-ADFB49189DCF}.Ad-Hoc|iPhoneSimulator.ActiveCfg = Release|Any CPU
		{4E890D6F-3864-4AAC-A702-ADFB49189DCF}.Ad-Hoc|iPhoneSimulator.Build.0 = Release|Any CPU
		{4E890D6F-3864-4AAC-A702-ADFB49189DCF}.Ad-Hoc|iPhoneSimulator.Deploy.0 = Release|Any CPU
		{4E890D6F-3864-4AAC-A702-ADFB49189DCF}.Ad-Hoc|x64.ActiveCfg = Release|Any CPU
		{4E890D6F-3864-4AAC-A702-ADFB49189DCF}.Ad-Hoc|x64.Build.0 = Release|Any CPU
		{4E890D6F-3864-4AAC-A702-ADFB49189DCF}.Ad-Hoc|x64.Deploy.0 = Release|Any CPU
		{4E890D6F-3864-4AAC-A702-ADFB49189DCF}.Ad-Hoc|x86.ActiveCfg = Release|Any CPU
		{4E890D6F-3864-4AAC-A702-ADFB49189DCF}.Ad-Hoc|x86.Build.0 = Release|Any CPU
		{4E890D6F-3864-4AAC-A702-ADFB49189DCF}.Ad-Hoc|x86.Deploy.0 = Release|Any CPU
		{4E890D6F-3864-4AAC-A702-ADFB49189DCF}.AppStore|Any CPU.ActiveCfg = Release|Any CPU
		{4E890D6F-3864-4AAC-A702-ADFB49189DCF}.AppStore|Any CPU.Build.0 = Release|Any CPU
		{4E890D6F-3864-4AAC-A702-ADFB49189DCF}.AppStore|Any CPU.Deploy.0 = Release|Any CPU
		{4E890D6F-3864-4AAC-A702-ADFB49189DCF}.AppStore|ARM.ActiveCfg = Release|Any CPU
		{4E890D6F-3864-4AAC-A702-ADFB49189DCF}.AppStore|ARM.Build.0 = Release|Any CPU
		{4E890D6F-3864-4AAC-A702-ADFB49189DCF}.AppStore|ARM.Deploy.0 = Release|Any CPU
		{4E890D6F-3864-4AAC-A702-ADFB49189DCF}.AppStore|iPhone.ActiveCfg = Release|Any CPU
		{4E890D6F-3864-4AAC-A702-ADFB49189DCF}.AppStore|iPhone.Build.0 = Release|Any CPU
		{4E890D6F-3864-4AAC-A702-ADFB49189DCF}.AppStore|iPhone.Deploy.0 = Release|Any CPU
		{4E890D6F-3864-4AAC-A702-ADFB49189DCF}.AppStore|iPhoneSimulator.ActiveCfg = Release|Any CPU
		{4E890D6F-3864-4AAC-A702-ADFB49189DCF}.AppStore|iPhoneSimulator.Build.0 = Release|Any CPU
		{4E890D6F-3864-4AAC-A702-ADFB49189DCF}.AppStore|iPhoneSimulator.Deploy.0 = Release|Any CPU
		{4E890D6F-3864-4AAC-A702-ADFB49189DCF}.AppStore|x64.ActiveCfg = Release|Any CPU
		{4E890D6F-3864-4AAC-A702-ADFB49189DCF}.AppStore|x64.Build.0 = Release|Any CPU
		{4E890D6F-3864-4AAC-A702-ADFB49189DCF}.AppStore|x64.Deploy.0 = Release|Any CPU
		{4E890D6F-3864-4AAC-A702-ADFB49189DCF}.AppStore|x86.ActiveCfg = Release|Any CPU
		{4E890D6F-3864-4AAC-A702-ADFB49189DCF}.AppStore|x86.Build.0 = Release|Any CPU
		{4E890D6F-3864-4AAC-A702-ADFB49189DCF}.AppStore|x86.Deploy.0 = Release|Any CPU
		{4E890D6F-3864-4AAC-A702-ADFB49189DCF}.Debug|Any CPU.ActiveCfg = Debug|Any CPU
		{4E890D6F-3864-4AAC-A702-ADFB49189DCF}.Debug|Any CPU.Build.0 = Debug|Any CPU
		{4E890D6F-3864-4AAC-A702-ADFB49189DCF}.Debug|Any CPU.Deploy.0 = Debug|Any CPU
		{4E890D6F-3864-4AAC-A702-ADFB49189DCF}.Debug|ARM.ActiveCfg = Debug|Any CPU
		{4E890D6F-3864-4AAC-A702-ADFB49189DCF}.Debug|ARM.Build.0 = Debug|Any CPU
		{4E890D6F-3864-4AAC-A702-ADFB49189DCF}.Debug|ARM.Deploy.0 = Debug|Any CPU
		{4E890D6F-3864-4AAC-A702-ADFB49189DCF}.Debug|iPhone.ActiveCfg = Debug|Any CPU
		{4E890D6F-3864-4AAC-A702-ADFB49189DCF}.Debug|iPhone.Build.0 = Debug|Any CPU
		{4E890D6F-3864-4AAC-A702-ADFB49189DCF}.Debug|iPhone.Deploy.0 = Debug|Any CPU
		{4E890D6F-3864-4AAC-A702-ADFB49189DCF}.Debug|iPhoneSimulator.ActiveCfg = Debug|Any CPU
		{4E890D6F-3864-4AAC-A702-ADFB49189DCF}.Debug|iPhoneSimulator.Build.0 = Debug|Any CPU
		{4E890D6F-3864-4AAC-A702-ADFB49189DCF}.Debug|iPhoneSimulator.Deploy.0 = Debug|Any CPU
		{4E890D6F-3864-4AAC-A702-ADFB49189DCF}.Debug|x64.ActiveCfg = Debug|Any CPU
		{4E890D6F-3864-4AAC-A702-ADFB49189DCF}.Debug|x64.Build.0 = Debug|Any CPU
		{4E890D6F-3864-4AAC-A702-ADFB49189DCF}.Debug|x64.Deploy.0 = Debug|Any CPU
		{4E890D6F-3864-4AAC-A702-ADFB49189DCF}.Debug|x86.ActiveCfg = Debug|Any CPU
		{4E890D6F-3864-4AAC-A702-ADFB49189DCF}.Debug|x86.Build.0 = Debug|Any CPU
		{4E890D6F-3864-4AAC-A702-ADFB49189DCF}.Debug|x86.Deploy.0 = Debug|Any CPU
		{4E890D6F-3864-4AAC-A702-ADFB49189DCF}.Release|Any CPU.ActiveCfg = Release|Any CPU
		{4E890D6F-3864-4AAC-A702-ADFB49189DCF}.Release|Any CPU.Build.0 = Release|Any CPU
		{4E890D6F-3864-4AAC-A702-ADFB49189DCF}.Release|Any CPU.Deploy.0 = Release|Any CPU
		{4E890D6F-3864-4AAC-A702-ADFB49189DCF}.Release|ARM.ActiveCfg = Release|Any CPU
		{4E890D6F-3864-4AAC-A702-ADFB49189DCF}.Release|ARM.Build.0 = Release|Any CPU
		{4E890D6F-3864-4AAC-A702-ADFB49189DCF}.Release|ARM.Deploy.0 = Release|Any CPU
		{4E890D6F-3864-4AAC-A702-ADFB49189DCF}.Release|iPhone.ActiveCfg = Release|Any CPU
		{4E890D6F-3864-4AAC-A702-ADFB49189DCF}.Release|iPhone.Build.0 = Release|Any CPU
		{4E890D6F-3864-4AAC-A702-ADFB49189DCF}.Release|iPhone.Deploy.0 = Release|Any CPU
		{4E890D6F-3864-4AAC-A702-ADFB49189DCF}.Release|iPhoneSimulator.ActiveCfg = Release|Any CPU
		{4E890D6F-3864-4AAC-A702-ADFB49189DCF}.Release|iPhoneSimulator.Build.0 = Release|Any CPU
		{4E890D6F-3864-4AAC-A702-ADFB49189DCF}.Release|iPhoneSimulator.Deploy.0 = Release|Any CPU
		{4E890D6F-3864-4AAC-A702-ADFB49189DCF}.Release|x64.ActiveCfg = Release|Any CPU
		{4E890D6F-3864-4AAC-A702-ADFB49189DCF}.Release|x64.Build.0 = Release|Any CPU
		{4E890D6F-3864-4AAC-A702-ADFB49189DCF}.Release|x64.Deploy.0 = Release|Any CPU
		{4E890D6F-3864-4AAC-A702-ADFB49189DCF}.Release|x86.ActiveCfg = Release|Any CPU
		{4E890D6F-3864-4AAC-A702-ADFB49189DCF}.Release|x86.Build.0 = Release|Any CPU
		{4E890D6F-3864-4AAC-A702-ADFB49189DCF}.Release|x86.Deploy.0 = Release|Any CPU
		{B18BD0CF-A5F7-4567-B55E-E465479F8696}.Ad-Hoc|Any CPU.ActiveCfg = Release|Any CPU
		{B18BD0CF-A5F7-4567-B55E-E465479F8696}.Ad-Hoc|Any CPU.Build.0 = Release|Any CPU
		{B18BD0CF-A5F7-4567-B55E-E465479F8696}.Ad-Hoc|ARM.ActiveCfg = Release|Any CPU
		{B18BD0CF-A5F7-4567-B55E-E465479F8696}.Ad-Hoc|ARM.Build.0 = Release|Any CPU
		{B18BD0CF-A5F7-4567-B55E-E465479F8696}.Ad-Hoc|iPhone.ActiveCfg = Release|Any CPU
		{B18BD0CF-A5F7-4567-B55E-E465479F8696}.Ad-Hoc|iPhone.Build.0 = Release|Any CPU
		{B18BD0CF-A5F7-4567-B55E-E465479F8696}.Ad-Hoc|iPhoneSimulator.ActiveCfg = Release|Any CPU
		{B18BD0CF-A5F7-4567-B55E-E465479F8696}.Ad-Hoc|iPhoneSimulator.Build.0 = Release|Any CPU
		{B18BD0CF-A5F7-4567-B55E-E465479F8696}.Ad-Hoc|x64.ActiveCfg = Release|Any CPU
		{B18BD0CF-A5F7-4567-B55E-E465479F8696}.Ad-Hoc|x64.Build.0 = Release|Any CPU
		{B18BD0CF-A5F7-4567-B55E-E465479F8696}.Ad-Hoc|x86.ActiveCfg = Release|Any CPU
		{B18BD0CF-A5F7-4567-B55E-E465479F8696}.Ad-Hoc|x86.Build.0 = Release|Any CPU
		{B18BD0CF-A5F7-4567-B55E-E465479F8696}.AppStore|Any CPU.ActiveCfg = Release|Any CPU
		{B18BD0CF-A5F7-4567-B55E-E465479F8696}.AppStore|Any CPU.Build.0 = Release|Any CPU
		{B18BD0CF-A5F7-4567-B55E-E465479F8696}.AppStore|ARM.ActiveCfg = Release|Any CPU
		{B18BD0CF-A5F7-4567-B55E-E465479F8696}.AppStore|ARM.Build.0 = Release|Any CPU
		{B18BD0CF-A5F7-4567-B55E-E465479F8696}.AppStore|iPhone.ActiveCfg = Release|Any CPU
		{B18BD0CF-A5F7-4567-B55E-E465479F8696}.AppStore|iPhone.Build.0 = Release|Any CPU
		{B18BD0CF-A5F7-4567-B55E-E465479F8696}.AppStore|iPhoneSimulator.ActiveCfg = Release|Any CPU
		{B18BD0CF-A5F7-4567-B55E-E465479F8696}.AppStore|iPhoneSimulator.Build.0 = Release|Any CPU
		{B18BD0CF-A5F7-4567-B55E-E465479F8696}.AppStore|x64.ActiveCfg = Release|Any CPU
		{B18BD0CF-A5F7-4567-B55E-E465479F8696}.AppStore|x64.Build.0 = Release|Any CPU
		{B18BD0CF-A5F7-4567-B55E-E465479F8696}.AppStore|x86.ActiveCfg = Release|Any CPU
		{B18BD0CF-A5F7-4567-B55E-E465479F8696}.AppStore|x86.Build.0 = Release|Any CPU
		{B18BD0CF-A5F7-4567-B55E-E465479F8696}.Debug|Any CPU.ActiveCfg = Debug|Any CPU
		{B18BD0CF-A5F7-4567-B55E-E465479F8696}.Debug|Any CPU.Build.0 = Debug|Any CPU
		{B18BD0CF-A5F7-4567-B55E-E465479F8696}.Debug|ARM.ActiveCfg = Debug|Any CPU
		{B18BD0CF-A5F7-4567-B55E-E465479F8696}.Debug|ARM.Build.0 = Debug|Any CPU
		{B18BD0CF-A5F7-4567-B55E-E465479F8696}.Debug|iPhone.ActiveCfg = Debug|Any CPU
		{B18BD0CF-A5F7-4567-B55E-E465479F8696}.Debug|iPhone.Build.0 = Debug|Any CPU
		{B18BD0CF-A5F7-4567-B55E-E465479F8696}.Debug|iPhoneSimulator.ActiveCfg = Debug|Any CPU
		{B18BD0CF-A5F7-4567-B55E-E465479F8696}.Debug|iPhoneSimulator.Build.0 = Debug|Any CPU
		{B18BD0CF-A5F7-4567-B55E-E465479F8696}.Debug|x64.ActiveCfg = Debug|Any CPU
		{B18BD0CF-A5F7-4567-B55E-E465479F8696}.Debug|x64.Build.0 = Debug|Any CPU
		{B18BD0CF-A5F7-4567-B55E-E465479F8696}.Debug|x86.ActiveCfg = Debug|Any CPU
		{B18BD0CF-A5F7-4567-B55E-E465479F8696}.Debug|x86.Build.0 = Debug|Any CPU
		{B18BD0CF-A5F7-4567-B55E-E465479F8696}.Release|Any CPU.ActiveCfg = Release|Any CPU
		{B18BD0CF-A5F7-4567-B55E-E465479F8696}.Release|Any CPU.Build.0 = Release|Any CPU
		{B18BD0CF-A5F7-4567-B55E-E465479F8696}.Release|ARM.ActiveCfg = Release|Any CPU
		{B18BD0CF-A5F7-4567-B55E-E465479F8696}.Release|ARM.Build.0 = Release|Any CPU
		{B18BD0CF-A5F7-4567-B55E-E465479F8696}.Release|iPhone.ActiveCfg = Release|Any CPU
		{B18BD0CF-A5F7-4567-B55E-E465479F8696}.Release|iPhone.Build.0 = Release|Any CPU
		{B18BD0CF-A5F7-4567-B55E-E465479F8696}.Release|iPhoneSimulator.ActiveCfg = Release|Any CPU
		{B18BD0CF-A5F7-4567-B55E-E465479F8696}.Release|iPhoneSimulator.Build.0 = Release|Any CPU
		{B18BD0CF-A5F7-4567-B55E-E465479F8696}.Release|x64.ActiveCfg = Release|Any CPU
		{B18BD0CF-A5F7-4567-B55E-E465479F8696}.Release|x64.Build.0 = Release|Any CPU
		{B18BD0CF-A5F7-4567-B55E-E465479F8696}.Release|x86.ActiveCfg = Release|Any CPU
		{B18BD0CF-A5F7-4567-B55E-E465479F8696}.Release|x86.Build.0 = Release|Any CPU
		{50F50040-77CE-41BD-BCE0-208818AB6899}.Ad-Hoc|Any CPU.ActiveCfg = Release|x86
		{50F50040-77CE-41BD-BCE0-208818AB6899}.Ad-Hoc|Any CPU.Build.0 = Release|x86
		{50F50040-77CE-41BD-BCE0-208818AB6899}.Ad-Hoc|Any CPU.Deploy.0 = Release|x86
		{50F50040-77CE-41BD-BCE0-208818AB6899}.Ad-Hoc|ARM.ActiveCfg = Release|ARM
		{50F50040-77CE-41BD-BCE0-208818AB6899}.Ad-Hoc|ARM.Build.0 = Release|ARM
		{50F50040-77CE-41BD-BCE0-208818AB6899}.Ad-Hoc|ARM.Deploy.0 = Release|ARM
		{50F50040-77CE-41BD-BCE0-208818AB6899}.Ad-Hoc|iPhone.ActiveCfg = Release|x86
		{50F50040-77CE-41BD-BCE0-208818AB6899}.Ad-Hoc|iPhone.Build.0 = Release|x86
		{50F50040-77CE-41BD-BCE0-208818AB6899}.Ad-Hoc|iPhone.Deploy.0 = Release|x86
		{50F50040-77CE-41BD-BCE0-208818AB6899}.Ad-Hoc|iPhoneSimulator.ActiveCfg = Release|x86
		{50F50040-77CE-41BD-BCE0-208818AB6899}.Ad-Hoc|iPhoneSimulator.Build.0 = Release|x86
		{50F50040-77CE-41BD-BCE0-208818AB6899}.Ad-Hoc|iPhoneSimulator.Deploy.0 = Release|x86
		{50F50040-77CE-41BD-BCE0-208818AB6899}.Ad-Hoc|x64.ActiveCfg = Release|x64
		{50F50040-77CE-41BD-BCE0-208818AB6899}.Ad-Hoc|x64.Build.0 = Release|x64
		{50F50040-77CE-41BD-BCE0-208818AB6899}.Ad-Hoc|x64.Deploy.0 = Release|x64
		{50F50040-77CE-41BD-BCE0-208818AB6899}.Ad-Hoc|x86.ActiveCfg = Release|x86
		{50F50040-77CE-41BD-BCE0-208818AB6899}.Ad-Hoc|x86.Build.0 = Release|x86
		{50F50040-77CE-41BD-BCE0-208818AB6899}.Ad-Hoc|x86.Deploy.0 = Release|x86
		{50F50040-77CE-41BD-BCE0-208818AB6899}.AppStore|Any CPU.ActiveCfg = Release|x86
		{50F50040-77CE-41BD-BCE0-208818AB6899}.AppStore|Any CPU.Build.0 = Release|x86
		{50F50040-77CE-41BD-BCE0-208818AB6899}.AppStore|Any CPU.Deploy.0 = Release|x86
		{50F50040-77CE-41BD-BCE0-208818AB6899}.AppStore|ARM.ActiveCfg = Release|ARM
		{50F50040-77CE-41BD-BCE0-208818AB6899}.AppStore|ARM.Build.0 = Release|ARM
		{50F50040-77CE-41BD-BCE0-208818AB6899}.AppStore|ARM.Deploy.0 = Release|ARM
		{50F50040-77CE-41BD-BCE0-208818AB6899}.AppStore|iPhone.ActiveCfg = Release|x86
		{50F50040-77CE-41BD-BCE0-208818AB6899}.AppStore|iPhone.Build.0 = Release|x86
		{50F50040-77CE-41BD-BCE0-208818AB6899}.AppStore|iPhone.Deploy.0 = Release|x86
		{50F50040-77CE-41BD-BCE0-208818AB6899}.AppStore|iPhoneSimulator.ActiveCfg = Release|x86
		{50F50040-77CE-41BD-BCE0-208818AB6899}.AppStore|iPhoneSimulator.Build.0 = Release|x86
		{50F50040-77CE-41BD-BCE0-208818AB6899}.AppStore|iPhoneSimulator.Deploy.0 = Release|x86
		{50F50040-77CE-41BD-BCE0-208818AB6899}.AppStore|x64.ActiveCfg = Release|x64
		{50F50040-77CE-41BD-BCE0-208818AB6899}.AppStore|x64.Build.0 = Release|x64
		{50F50040-77CE-41BD-BCE0-208818AB6899}.AppStore|x64.Deploy.0 = Release|x64
		{50F50040-77CE-41BD-BCE0-208818AB6899}.AppStore|x86.ActiveCfg = Release|x86
		{50F50040-77CE-41BD-BCE0-208818AB6899}.AppStore|x86.Build.0 = Release|x86
		{50F50040-77CE-41BD-BCE0-208818AB6899}.AppStore|x86.Deploy.0 = Release|x86
		{50F50040-77CE-41BD-BCE0-208818AB6899}.Debug|Any CPU.ActiveCfg = Debug|x86
		{50F50040-77CE-41BD-BCE0-208818AB6899}.Debug|ARM.ActiveCfg = Debug|ARM
		{50F50040-77CE-41BD-BCE0-208818AB6899}.Debug|ARM.Build.0 = Debug|ARM
		{50F50040-77CE-41BD-BCE0-208818AB6899}.Debug|ARM.Deploy.0 = Debug|ARM
		{50F50040-77CE-41BD-BCE0-208818AB6899}.Debug|iPhone.ActiveCfg = Debug|x86
		{50F50040-77CE-41BD-BCE0-208818AB6899}.Debug|iPhoneSimulator.ActiveCfg = Debug|x86
		{50F50040-77CE-41BD-BCE0-208818AB6899}.Debug|x64.ActiveCfg = Debug|x64
		{50F50040-77CE-41BD-BCE0-208818AB6899}.Debug|x64.Build.0 = Debug|x64
		{50F50040-77CE-41BD-BCE0-208818AB6899}.Debug|x64.Deploy.0 = Debug|x64
		{50F50040-77CE-41BD-BCE0-208818AB6899}.Debug|x86.ActiveCfg = Debug|x86
		{50F50040-77CE-41BD-BCE0-208818AB6899}.Debug|x86.Build.0 = Debug|x86
		{50F50040-77CE-41BD-BCE0-208818AB6899}.Debug|x86.Deploy.0 = Debug|x86
		{50F50040-77CE-41BD-BCE0-208818AB6899}.Release|Any CPU.ActiveCfg = Release|x86
		{50F50040-77CE-41BD-BCE0-208818AB6899}.Release|ARM.ActiveCfg = Release|ARM
		{50F50040-77CE-41BD-BCE0-208818AB6899}.Release|ARM.Build.0 = Release|ARM
		{50F50040-77CE-41BD-BCE0-208818AB6899}.Release|ARM.Deploy.0 = Release|ARM
		{50F50040-77CE-41BD-BCE0-208818AB6899}.Release|iPhone.ActiveCfg = Release|x86
		{50F50040-77CE-41BD-BCE0-208818AB6899}.Release|iPhoneSimulator.ActiveCfg = Release|x86
		{50F50040-77CE-41BD-BCE0-208818AB6899}.Release|x64.ActiveCfg = Release|x64
		{50F50040-77CE-41BD-BCE0-208818AB6899}.Release|x64.Build.0 = Release|x64
		{50F50040-77CE-41BD-BCE0-208818AB6899}.Release|x64.Deploy.0 = Release|x64
		{50F50040-77CE-41BD-BCE0-208818AB6899}.Release|x86.ActiveCfg = Release|x86
		{50F50040-77CE-41BD-BCE0-208818AB6899}.Release|x86.Build.0 = Release|x86
		{50F50040-77CE-41BD-BCE0-208818AB6899}.Release|x86.Deploy.0 = Release|x86
		{F850C2D2-C606-4400-9476-BB6ACDBB0CE6}.Ad-Hoc|Any CPU.ActiveCfg = Ad-Hoc|iPhone
		{F850C2D2-C606-4400-9476-BB6ACDBB0CE6}.Ad-Hoc|ARM.ActiveCfg = Ad-Hoc|iPhone
		{F850C2D2-C606-4400-9476-BB6ACDBB0CE6}.Ad-Hoc|iPhone.ActiveCfg = Ad-Hoc|iPhone
		{F850C2D2-C606-4400-9476-BB6ACDBB0CE6}.Ad-Hoc|iPhone.Build.0 = Ad-Hoc|iPhone
		{F850C2D2-C606-4400-9476-BB6ACDBB0CE6}.Ad-Hoc|iPhoneSimulator.ActiveCfg = Ad-Hoc|iPhoneSimulator
		{F850C2D2-C606-4400-9476-BB6ACDBB0CE6}.Ad-Hoc|iPhoneSimulator.Build.0 = Ad-Hoc|iPhoneSimulator
		{F850C2D2-C606-4400-9476-BB6ACDBB0CE6}.Ad-Hoc|x64.ActiveCfg = Ad-Hoc|iPhone
		{F850C2D2-C606-4400-9476-BB6ACDBB0CE6}.Ad-Hoc|x86.ActiveCfg = Ad-Hoc|iPhone
		{F850C2D2-C606-4400-9476-BB6ACDBB0CE6}.AppStore|Any CPU.ActiveCfg = AppStore|iPhone
		{F850C2D2-C606-4400-9476-BB6ACDBB0CE6}.AppStore|ARM.ActiveCfg = AppStore|iPhone
		{F850C2D2-C606-4400-9476-BB6ACDBB0CE6}.AppStore|iPhone.ActiveCfg = AppStore|iPhone
		{F850C2D2-C606-4400-9476-BB6ACDBB0CE6}.AppStore|iPhone.Build.0 = AppStore|iPhone
		{F850C2D2-C606-4400-9476-BB6ACDBB0CE6}.AppStore|iPhoneSimulator.ActiveCfg = AppStore|iPhoneSimulator
		{F850C2D2-C606-4400-9476-BB6ACDBB0CE6}.AppStore|iPhoneSimulator.Build.0 = AppStore|iPhoneSimulator
		{F850C2D2-C606-4400-9476-BB6ACDBB0CE6}.AppStore|x64.ActiveCfg = AppStore|iPhone
		{F850C2D2-C606-4400-9476-BB6ACDBB0CE6}.AppStore|x86.ActiveCfg = AppStore|iPhone
		{F850C2D2-C606-4400-9476-BB6ACDBB0CE6}.Debug|Any CPU.ActiveCfg = Debug|iPhone
		{F850C2D2-C606-4400-9476-BB6ACDBB0CE6}.Debug|ARM.ActiveCfg = Debug|iPhone
		{F850C2D2-C606-4400-9476-BB6ACDBB0CE6}.Debug|iPhone.ActiveCfg = Debug|iPhone
		{F850C2D2-C606-4400-9476-BB6ACDBB0CE6}.Debug|iPhone.Build.0 = Debug|iPhone
		{F850C2D2-C606-4400-9476-BB6ACDBB0CE6}.Debug|iPhoneSimulator.ActiveCfg = Debug|iPhoneSimulator
		{F850C2D2-C606-4400-9476-BB6ACDBB0CE6}.Debug|iPhoneSimulator.Build.0 = Debug|iPhoneSimulator
		{F850C2D2-C606-4400-9476-BB6ACDBB0CE6}.Debug|x64.ActiveCfg = Debug|iPhone
		{F850C2D2-C606-4400-9476-BB6ACDBB0CE6}.Debug|x86.ActiveCfg = Debug|iPhone
		{F850C2D2-C606-4400-9476-BB6ACDBB0CE6}.Release|Any CPU.ActiveCfg = Release|iPhone
		{F850C2D2-C606-4400-9476-BB6ACDBB0CE6}.Release|ARM.ActiveCfg = Release|iPhone
		{F850C2D2-C606-4400-9476-BB6ACDBB0CE6}.Release|iPhone.ActiveCfg = Release|iPhone
		{F850C2D2-C606-4400-9476-BB6ACDBB0CE6}.Release|iPhone.Build.0 = Release|iPhone
		{F850C2D2-C606-4400-9476-BB6ACDBB0CE6}.Release|iPhoneSimulator.ActiveCfg = Release|iPhoneSimulator
		{F850C2D2-C606-4400-9476-BB6ACDBB0CE6}.Release|iPhoneSimulator.Build.0 = Release|iPhoneSimulator
		{F850C2D2-C606-4400-9476-BB6ACDBB0CE6}.Release|x64.ActiveCfg = Release|iPhone
		{F850C2D2-C606-4400-9476-BB6ACDBB0CE6}.Release|x86.ActiveCfg = Release|iPhone
	EndGlobalSection
	GlobalSection(SolutionProperties) = preSolution
		HideSolutionNode = FALSE
	EndGlobalSection
EndGlobal
